// !$*UTF8*$!
{
	archiveVersion = 1;
	classes = {
	};
	objectVersion = 50;
	objects = {

/* Begin PBXBuildFile section */
		3770E3A56CE137483D944EE7 /* Pods_MyPost.framework in Frameworks */ = {isa = PBXBuildFile; fileRef = CCBF293E8BAC83A7442A4A04 /* Pods_MyPost.framework */; };
		600797EE211A6F2F00D998DF /* AppDelegate.swift in Sources */ = {isa = PBXBuildFile; fileRef = 600797ED211A6F2F00D998DF /* AppDelegate.swift */; };
		600797F3211A6F2F00D998DF /* Main.storyboard in Resources */ = {isa = PBXBuildFile; fileRef = 600797F1211A6F2F00D998DF /* Main.storyboard */; };
		600797F5211A6F3000D998DF /* Assets.xcassets in Resources */ = {isa = PBXBuildFile; fileRef = 600797F4211A6F3000D998DF /* Assets.xcassets */; };
		600797F8211A6F3000D998DF /* LaunchScreen.storyboard in Resources */ = {isa = PBXBuildFile; fileRef = 600797F6211A6F3000D998DF /* LaunchScreen.storyboard */; };
		60079802211A712B00D998DF /* Post.swift in Sources */ = {isa = PBXBuildFile; fileRef = 60079801211A712B00D998DF /* Post.swift */; };
		60079804211A721700D998DF /* PostController.swift in Sources */ = {isa = PBXBuildFile; fileRef = 60079803211A721700D998DF /* PostController.swift */; };
		60079806211CC63C00D998DF /* GoogleService-Info.plist in Resources */ = {isa = PBXBuildFile; fileRef = 60079805211CC63C00D998DF /* GoogleService-Info.plist */; };
		60079808211CEA0500D998DF /* PostTableViewController.swift in Sources */ = {isa = PBXBuildFile; fileRef = 60079807211CEA0500D998DF /* PostTableViewController.swift */; };
/* End PBXBuildFile section */

/* Begin PBXFileReference section */
		2DC27B65833BF608B4E3BF29 /* Pods-MyPost.release.xcconfig */ = {isa = PBXFileReference; includeInIndex = 1; lastKnownFileType = text.xcconfig; name = "Pods-MyPost.release.xcconfig"; path = "Pods/Target Support Files/Pods-MyPost/Pods-MyPost.release.xcconfig"; sourceTree = "<group>"; };
		600797EA211A6F2F00D998DF /* MyPost.app */ = {isa = PBXFileReference; explicitFileType = wrapper.application; includeInIndex = 0; path = MyPost.app; sourceTree = BUILT_PRODUCTS_DIR; };
		600797ED211A6F2F00D998DF /* AppDelegate.swift */ = {isa = PBXFileReference; lastKnownFileType = sourcecode.swift; path = AppDelegate.swift; sourceTree = "<group>"; };
		600797F2211A6F2F00D998DF /* Base */ = {isa = PBXFileReference; lastKnownFileType = file.storyboard; name = Base; path = Base.lproj/Main.storyboard; sourceTree = "<group>"; };
		600797F4211A6F3000D998DF /* Assets.xcassets */ = {isa = PBXFileReference; lastKnownFileType = folder.assetcatalog; path = Assets.xcassets; sourceTree = "<group>"; };
		600797F7211A6F3000D998DF /* Base */ = {isa = PBXFileReference; lastKnownFileType = file.storyboard; name = Base; path = Base.lproj/LaunchScreen.storyboard; sourceTree = "<group>"; };
		600797F9211A6F3000D998DF /* Info.plist */ = {isa = PBXFileReference; lastKnownFileType = text.plist.xml; path = Info.plist; sourceTree = "<group>"; };
		60079801211A712B00D998DF /* Post.swift */ = {isa = PBXFileReference; lastKnownFileType = sourcecode.swift; path = Post.swift; sourceTree = "<group>"; };
		60079803211A721700D998DF /* PostController.swift */ = {isa = PBXFileReference; lastKnownFileType = sourcecode.swift; path = PostController.swift; sourceTree = "<group>"; };
		60079805211CC63C00D998DF /* GoogleService-Info.plist */ = {isa = PBXFileReference; fileEncoding = 4; lastKnownFileType = text.plist.xml; name = "GoogleService-Info.plist"; path = "../../../../../../../Downloads/GoogleService-Info.plist"; sourceTree = "<group>"; };
		60079807211CEA0500D998DF /* PostTableViewController.swift */ = {isa = PBXFileReference; lastKnownFileType = sourcecode.swift; path = PostTableViewController.swift; sourceTree = "<group>"; };
		CCBF293E8BAC83A7442A4A04 /* Pods_MyPost.framework */ = {isa = PBXFileReference; explicitFileType = wrapper.framework; includeInIndex = 0; path = Pods_MyPost.framework; sourceTree = BUILT_PRODUCTS_DIR; };
		D240299F22DF911B3A9101E7 /* Pods-MyPost.debug.xcconfig */ = {isa = PBXFileReference; includeInIndex = 1; lastKnownFileType = text.xcconfig; name = "Pods-MyPost.debug.xcconfig"; path = "Pods/Target Support Files/Pods-MyPost/Pods-MyPost.debug.xcconfig"; sourceTree = "<group>"; };
/* End PBXFileReference section */

/* Begin PBXFrameworksBuildPhase section */
		600797E7211A6F2F00D998DF /* Frameworks */ = {
			isa = PBXFrameworksBuildPhase;
			buildActionMask = 2147483647;
			files = (
				3770E3A56CE137483D944EE7 /* Pods_MyPost.framework in Frameworks */,
			);
			runOnlyForDeploymentPostprocessing = 0;
		};
/* End PBXFrameworksBuildPhase section */

/* Begin PBXGroup section */
		04B20D1E7725A7494D3FA7D1 /* Frameworks */ = {
			isa = PBXGroup;
			children = (
				CCBF293E8BAC83A7442A4A04 /* Pods_MyPost.framework */,
			);
			name = Frameworks;
			sourceTree = "<group>";
		};
		600797E1211A6F2F00D998DF = {
			isa = PBXGroup;
			children = (
				600797EC211A6F2F00D998DF /* MyPost */,
				600797EB211A6F2F00D998DF /* Products */,
				82A2F0FA94662CF1A2736C1F /* Pods */,
				04B20D1E7725A7494D3FA7D1 /* Frameworks */,
			);
			sourceTree = "<group>";
		};
		600797EB211A6F2F00D998DF /* Products */ = {
			isa = PBXGroup;
			children = (
				600797EA211A6F2F00D998DF /* MyPost.app */,
			);
			name = Products;
			sourceTree = "<group>";
		};
		600797EC211A6F2F00D998DF /* MyPost */ = {
			isa = PBXGroup;
			children = (
				60A3E737211E052900AE6891 /* Model */,
				60A3E738211E053500AE6891 /* ModelController */,
				60079809211CEA0E00D998DF /* ViewController */,
				60079800211A711900D998DF /* Views */,
				600797FF211A6F4300D998DF /* Resources */,
			);
			path = MyPost;
			sourceTree = "<group>";
		};
		600797FF211A6F4300D998DF /* Resources */ = {
			isa = PBXGroup;
			children = (
				600797ED211A6F2F00D998DF /* AppDelegate.swift */,
				600797F4211A6F3000D998DF /* Assets.xcassets */,
				600797F9211A6F3000D998DF /* Info.plist */,
				60079805211CC63C00D998DF /* GoogleService-Info.plist */,
			);
			path = Resources;
			sourceTree = "<group>";
		};
		60079800211A711900D998DF /* Views */ = {
			isa = PBXGroup;
			children = (
				600797F1211A6F2F00D998DF /* Main.storyboard */,
				600797F6211A6F3000D998DF /* LaunchScreen.storyboard */,
			);
			path = Views;
			sourceTree = "<group>";
		};
		60079809211CEA0E00D998DF /* ViewController */ = {
			isa = PBXGroup;
			children = (
				60079807211CEA0500D998DF /* PostTableViewController.swift */,
			);
			path = ViewController;
			sourceTree = "<group>";
		};
		60A3E737211E052900AE6891 /* Model */ = {
			isa = PBXGroup;
			children = (
				60079801211A712B00D998DF /* Post.swift */,
			);
			path = Model;
			sourceTree = "<group>";
		};
		60A3E738211E053500AE6891 /* ModelController */ = {
			isa = PBXGroup;
			children = (
				60079803211A721700D998DF /* PostController.swift */,
			);
			path = ModelController;
			sourceTree = "<group>";
		};
		82A2F0FA94662CF1A2736C1F /* Pods */ = {
			isa = PBXGroup;
			children = (
				D240299F22DF911B3A9101E7 /* Pods-MyPost.debug.xcconfig */,
				2DC27B65833BF608B4E3BF29 /* Pods-MyPost.release.xcconfig */,
			);
			name = Pods;
			sourceTree = "<group>";
		};
/* End PBXGroup section */

/* Begin PBXNativeTarget section */
		600797E9211A6F2F00D998DF /* MyPost */ = {
			isa = PBXNativeTarget;
			buildConfigurationList = 600797FC211A6F3000D998DF /* Build configuration list for PBXNativeTarget "MyPost" */;
			buildPhases = (
				DCDB2E6AC8EC794DEF29D7A0 /* [CP] Check Pods Manifest.lock */,
				600797E6211A6F2F00D998DF /* Sources */,
				600797E7211A6F2F00D998DF /* Frameworks */,
				600797E8211A6F2F00D998DF /* Resources */,
				5D36E063357ECB76E0052B22 /* [CP] Embed Pods Frameworks */,
			);
			buildRules = (
			);
			dependencies = (
			);
			name = MyPost;
			productName = MyPost;
			productReference = 600797EA211A6F2F00D998DF /* MyPost.app */;
			productType = "com.apple.product-type.application";
		};
/* End PBXNativeTarget section */

/* Begin PBXProject section */
		600797E2211A6F2F00D998DF /* Project object */ = {
			isa = PBXProject;
			attributes = {
				LastSwiftUpdateCheck = 0940;
				LastUpgradeCheck = 0940;
				ORGANIZATIONNAME = "Seth Danner";
				TargetAttributes = {
					600797E9211A6F2F00D998DF = {
						CreatedOnToolsVersion = 9.4.1;
					};
				};
			};
			buildConfigurationList = 600797E5211A6F2F00D998DF /* Build configuration list for PBXProject "MyPost" */;
			compatibilityVersion = "Xcode 9.3";
			developmentRegion = en;
			hasScannedForEncodings = 0;
			knownRegions = (
				en,
				Base,
			);
			mainGroup = 600797E1211A6F2F00D998DF;
			productRefGroup = 600797EB211A6F2F00D998DF /* Products */;
			projectDirPath = "";
			projectRoot = "";
			targets = (
				600797E9211A6F2F00D998DF /* MyPost */,
			);
		};
/* End PBXProject section */

/* Begin PBXResourcesBuildPhase section */
		600797E8211A6F2F00D998DF /* Resources */ = {
			isa = PBXResourcesBuildPhase;
			buildActionMask = 2147483647;
			files = (
				600797F8211A6F3000D998DF /* LaunchScreen.storyboard in Resources */,
				60079806211CC63C00D998DF /* GoogleService-Info.plist in Resources */,
				600797F5211A6F3000D998DF /* Assets.xcassets in Resources */,
				600797F3211A6F2F00D998DF /* Main.storyboard in Resources */,
			);
			runOnlyForDeploymentPostprocessing = 0;
		};
/* End PBXResourcesBuildPhase section */

/* Begin PBXShellScriptBuildPhase section */
		5D36E063357ECB76E0052B22 /* [CP] Embed Pods Frameworks */ = {
			isa = PBXShellScriptBuildPhase;
			buildActionMask = 2147483647;
			files = (
			);
			inputPaths = (
				"${SRCROOT}/Pods/Target Support Files/Pods-MyPost/Pods-MyPost-frameworks.sh",
				"${BUILT_PRODUCTS_DIR}/GTMSessionFetcher/GTMSessionFetcher.framework",
				"${BUILT_PRODUCTS_DIR}/GoogleToolboxForMac/GoogleToolboxForMac.framework",
				"${BUILT_PRODUCTS_DIR}/leveldb-library/leveldb.framework",
				"${BUILT_PRODUCTS_DIR}/nanopb/nanopb.framework",
			);
			name = "[CP] Embed Pods Frameworks";
			outputPaths = (
				"${TARGET_BUILD_DIR}/${FRAMEWORKS_FOLDER_PATH}/GTMSessionFetcher.framework",
				"${TARGET_BUILD_DIR}/${FRAMEWORKS_FOLDER_PATH}/GoogleToolboxForMac.framework",
				"${TARGET_BUILD_DIR}/${FRAMEWORKS_FOLDER_PATH}/leveldb.framework",
				"${TARGET_BUILD_DIR}/${FRAMEWORKS_FOLDER_PATH}/nanopb.framework",
			);
			runOnlyForDeploymentPostprocessing = 0;
			shellPath = /bin/sh;
			shellScript = "\"${SRCROOT}/Pods/Target Support Files/Pods-MyPost/Pods-MyPost-frameworks.sh\"\n";
			showEnvVarsInLog = 0;
		};
		DCDB2E6AC8EC794DEF29D7A0 /* [CP] Check Pods Manifest.lock */ = {
			isa = PBXShellScriptBuildPhase;
			buildActionMask = 2147483647;
			files = (
			);
			inputPaths = (
				"${PODS_PODFILE_DIR_PATH}/Podfile.lock",
				"${PODS_ROOT}/Manifest.lock",
			);
			name = "[CP] Check Pods Manifest.lock";
			outputPaths = (
				"$(DERIVED_FILE_DIR)/Pods-MyPost-checkManifestLockResult.txt",
			);
			runOnlyForDeploymentPostprocessing = 0;
			shellPath = /bin/sh;
			shellScript = "diff \"${PODS_PODFILE_DIR_PATH}/Podfile.lock\" \"${PODS_ROOT}/Manifest.lock\" > /dev/null\nif [ $? != 0 ] ; then\n    # print error to STDERR\n    echo \"error: The sandbox is not in sync with the Podfile.lock. Run 'pod install' or update your CocoaPods installation.\" >&2\n    exit 1\nfi\n# This output is used by Xcode 'outputs' to avoid re-running this script phase.\necho \"SUCCESS\" > \"${SCRIPT_OUTPUT_FILE_0}\"\n";
			showEnvVarsInLog = 0;
		};
/* End PBXShellScriptBuildPhase section */

/* Begin PBXSourcesBuildPhase section */
		600797E6211A6F2F00D998DF /* Sources */ = {
			isa = PBXSourcesBuildPhase;
			buildActionMask = 2147483647;
			files = (
				600797EE211A6F2F00D998DF /* AppDelegate.swift in Sources */,
				60079808211CEA0500D998DF /* PostTableViewController.swift in Sources */,
				60079802211A712B00D998DF /* Post.swift in Sources */,
				60079804211A721700D998DF /* PostController.swift in Sources */,
			);
			runOnlyForDeploymentPostprocessing = 0;
		};
/* End PBXSourcesBuildPhase section */

/* Begin PBXVariantGroup section */
		600797F1211A6F2F00D998DF /* Main.storyboard */ = {
			isa = PBXVariantGroup;
			children = (
				600797F2211A6F2F00D998DF /* Base */,
			);
			name = Main.storyboard;
			sourceTree = "<group>";
		};
		600797F6211A6F3000D998DF /* LaunchScreen.storyboard */ = {
			isa = PBXVariantGroup;
			children = (
				600797F7211A6F3000D998DF /* Base */,
			);
			name = LaunchScreen.storyboard;
			sourceTree = "<group>";
		};
/* End PBXVariantGroup section */

/* Begin XCBuildConfiguration section */
		600797FA211A6F3000D998DF /* Debug */ = {
			isa = XCBuildConfiguration;
			buildSettings = {
				ALWAYS_SEARCH_USER_PATHS = NO;
				CLANG_ANALYZER_NONNULL = YES;
				CLANG_ANALYZER_NUMBER_OBJECT_CONVERSION = YES_AGGRESSIVE;
				CLANG_CXX_LANGUAGE_STANDARD = "gnu++14";
				CLANG_CXX_LIBRARY = "libc++";
				CLANG_ENABLE_MODULES = YES;
				CLANG_ENABLE_OBJC_ARC = YES;
				CLANG_ENABLE_OBJC_WEAK = YES;
				CLANG_WARN_BLOCK_CAPTURE_AUTORELEASING = YES;
				CLANG_WARN_BOOL_CONVERSION = YES;
				CLANG_WARN_COMMA = YES;
				CLANG_WARN_CONSTANT_CONVERSION = YES;
				CLANG_WARN_DEPRECATED_OBJC_IMPLEMENTATIONS = YES;
				CLANG_WARN_DIRECT_OBJC_ISA_USAGE = YES_ERROR;
				CLANG_WARN_DOCUMENTATION_COMMENTS = YES;
				CLANG_WARN_EMPTY_BODY = YES;
				CLANG_WARN_ENUM_CONVERSION = YES;
				CLANG_WARN_INFINITE_RECURSION = YES;
				CLANG_WARN_INT_CONVERSION = YES;
				CLANG_WARN_NON_LITERAL_NULL_CONVERSION = YES;
				CLANG_WARN_OBJC_IMPLICIT_RETAIN_SELF = YES;
				CLANG_WARN_OBJC_LITERAL_CONVERSION = YES;
				CLANG_WARN_OBJC_ROOT_CLASS = YES_ERROR;
				CLANG_WARN_RANGE_LOOP_ANALYSIS = YES;
				CLANG_WARN_STRICT_PROTOTYPES = YES;
				CLANG_WARN_SUSPICIOUS_MOVE = YES;
				CLANG_WARN_UNGUARDED_AVAILABILITY = YES_AGGRESSIVE;
				CLANG_WARN_UNREACHABLE_CODE = YES;
				CLANG_WARN__DUPLICATE_METHOD_MATCH = YES;
				CODE_SIGN_IDENTITY = "iPhone Developer";
				COPY_PHASE_STRIP = NO;
				DEBUG_INFORMATION_FORMAT = dwarf;
				ENABLE_STRICT_OBJC_MSGSEND = YES;
				ENABLE_TESTABILITY = YES;
				GCC_C_LANGUAGE_STANDARD = gnu11;
				GCC_DYNAMIC_NO_PIC = NO;
				GCC_NO_COMMON_BLOCKS = YES;
				GCC_OPTIMIZATION_LEVEL = 0;
				GCC_PREPROCESSOR_DEFINITIONS = (
					"DEBUG=1",
					"$(inherited)",
				);
				GCC_WARN_64_TO_32_BIT_CONVERSION = YES;
				GCC_WARN_ABOUT_RETURN_TYPE = YES_ERROR;
				GCC_WARN_UNDECLARED_SELECTOR = YES;
				GCC_WARN_UNINITIALIZED_AUTOS = YES_AGGRESSIVE;
				GCC_WARN_UNUSED_FUNCTION = YES;
				GCC_WARN_UNUSED_VARIABLE = YES;
				IPHONEOS_DEPLOYMENT_TARGET = 11.4;
				MTL_ENABLE_DEBUG_INFO = YES;
				ONLY_ACTIVE_ARCH = YES;
				SDKROOT = iphoneos;
				SWIFT_ACTIVE_COMPILATION_CONDITIONS = DEBUG;
				SWIFT_OPTIMIZATION_LEVEL = "-Onone";
			};
			name = Debug;
		};
		600797FB211A6F3000D998DF /* Release */ = {
			isa = XCBuildConfiguration;
			buildSettings = {
				ALWAYS_SEARCH_USER_PATHS = NO;
				CLANG_ANALYZER_NONNULL = YES;
				CLANG_ANALYZER_NUMBER_OBJECT_CONVERSION = YES_AGGRESSIVE;
				CLANG_CXX_LANGUAGE_STANDARD = "gnu++14";
				CLANG_CXX_LIBRARY = "libc++";
				CLANG_ENABLE_MODULES = YES;
				CLANG_ENABLE_OBJC_ARC = YES;
				CLANG_ENABLE_OBJC_WEAK = YES;
				CLANG_WARN_BLOCK_CAPTURE_AUTORELEASING = YES;
				CLANG_WARN_BOOL_CONVERSION = YES;
				CLANG_WARN_COMMA = YES;
				CLANG_WARN_CONSTANT_CONVERSION = YES;
				CLANG_WARN_DEPRECATED_OBJC_IMPLEMENTATIONS = YES;
				CLANG_WARN_DIRECT_OBJC_ISA_USAGE = YES_ERROR;
				CLANG_WARN_DOCUMENTATION_COMMENTS = YES;
				CLANG_WARN_EMPTY_BODY = YES;
				CLANG_WARN_ENUM_CONVERSION = YES;
				CLANG_WARN_INFINITE_RECURSION = YES;
				CLANG_WARN_INT_CONVERSION = YES;
				CLANG_WARN_NON_LITERAL_NULL_CONVERSION = YES;
				CLANG_WARN_OBJC_IMPLICIT_RETAIN_SELF = YES;
				CLANG_WARN_OBJC_LITERAL_CONVERSION = YES;
				CLANG_WARN_OBJC_ROOT_CLASS = YES_ERROR;
				CLANG_WARN_RANGE_LOOP_ANALYSIS = YES;
				CLANG_WARN_STRICT_PROTOTYPES = YES;
				CLANG_WARN_SUSPICIOUS_MOVE = YES;
				CLANG_WARN_UNGUARDED_AVAILABILITY = YES_AGGRESSIVE;
				CLANG_WARN_UNREACHABLE_CODE = YES;
				CLANG_WARN__DUPLICATE_METHOD_MATCH = YES;
				CODE_SIGN_IDENTITY = "iPhone Developer";
				COPY_PHASE_STRIP = NO;
				DEBUG_INFORMATION_FORMAT = "dwarf-with-dsym";
				ENABLE_NS_ASSERTIONS = NO;
				ENABLE_STRICT_OBJC_MSGSEND = YES;
				GCC_C_LANGUAGE_STANDARD = gnu11;
				GCC_NO_COMMON_BLOCKS = YES;
				GCC_WARN_64_TO_32_BIT_CONVERSION = YES;
				GCC_WARN_ABOUT_RETURN_TYPE = YES_ERROR;
				GCC_WARN_UNDECLARED_SELECTOR = YES;
				GCC_WARN_UNINITIALIZED_AUTOS = YES_AGGRESSIVE;
				GCC_WARN_UNUSED_FUNCTION = YES;
				GCC_WARN_UNUSED_VARIABLE = YES;
				IPHONEOS_DEPLOYMENT_TARGET = 11.4;
				MTL_ENABLE_DEBUG_INFO = NO;
				SDKROOT = iphoneos;
				SWIFT_COMPILATION_MODE = wholemodule;
				SWIFT_OPTIMIZATION_LEVEL = "-O";
				VALIDATE_PRODUCT = YES;
			};
			name = Release;
		};
		600797FD211A6F3000D998DF /* Debug */ = {
			isa = XCBuildConfiguration;
			baseConfigurationReference = D240299F22DF911B3A9101E7 /* Pods-MyPost.debug.xcconfig */;
			buildSettings = {
				ASSETCATALOG_COMPILER_APPICON_NAME = AppIcon;
				CODE_SIGN_STYLE = Automatic;
				DEVELOPMENT_TEAM = 9KP8U9QDYN;
				INFOPLIST_FILE = "$(SRCROOT)/MyPost/Resources/Info.plist";
				LD_RUNPATH_SEARCH_PATHS = (
					"$(inherited)",
					"@executable_path/Frameworks",
				);
				PRODUCT_BUNDLE_IDENTIFIER = com.SethDanner.MyPost;
				PRODUCT_NAME = "$(TARGET_NAME)";
				SWIFT_VERSION = 4.0;
				TARGETED_DEVICE_FAMILY = "1,2";
			};
			name = Debug;
		};
		600797FE211A6F3000D998DF /* Release */ = {
			isa = XCBuildConfiguration;
			baseConfigurationReference = 2DC27B65833BF608B4E3BF29 /* Pods-MyPost.release.xcconfig */;
			buildSettings = {
				ASSETCATALOG_COMPILER_APPICON_NAME = AppIcon;
				CODE_SIGN_STYLE = Automatic;
				DEVELOPMENT_TEAM = 9KP8U9QDYN;
				INFOPLIST_FILE = "$(SRCROOT)/MyPost/Resources/Info.plist";
				LD_RUNPATH_SEARCH_PATHS = (
					"$(inherited)",
					"@executable_path/Frameworks",
				);
				PRODUCT_BUNDLE_IDENTIFIER = com.SethDanner.MyPost;
				PRODUCT_NAME = "$(TARGET_NAME)";
				SWIFT_VERSION = 4.0;
				TARGETED_DEVICE_FAMILY = "1,2";
			};
			name = Release;
		};
/* End XCBuildConfiguration section */

/* Begin XCConfigurationList section */
		600797E5211A6F2F00D998DF /* Build configuration list for PBXProject "MyPost" */ = {
			isa = XCConfigurationList;
			buildConfigurations = (
				600797FA211A6F3000D998DF /* Debug */,
				600797FB211A6F3000D998DF /* Release */,
			);
			defaultConfigurationIsVisible = 0;
			defaultConfigurationName = Release;
		};
		600797FC211A6F3000D998DF /* Build configuration list for PBXNativeTarget "MyPost" */ = {
			isa = XCConfigurationList;
			buildConfigurations = (
				600797FD211A6F3000D998DF /* Debug */,
				600797FE211A6F3000D998DF /* Release */,
			);
			defaultConfigurationIsVisible = 0;
			defaultConfigurationName = Release;
		};
/* End XCConfigurationList section */
	};
	rootObject = 600797E2211A6F2F00D998DF /* Project object */;
}
